{
  "name": "node-example",
  "lockfileVersion": 2,
  "requires": true,
  "packages": {
    "": {
      "name": "node-example",
      "dependencies": {
        "node-selection": "file:../.."
      }
    },
    "../..": {
      "version": "0.1.4",
      "hasInstallScript": true,
      "license": "MIT",
      "dependencies": {
        "nan": "^2.15.0",
        "prebuild-install": "^7.0.1"
      },
      "devDependencies": {
        "prebuild": "^11.0.3"
      }
    },
    "node_modules/node-selection": {
      "resolved": "../..",
      "link": true
    }
  },
  "dependencies": {
    "node-selection": {
      "version": "file:../..",
      "requires": {
        "nan": "^2.15.0",
        "prebuild": "^11.0.3",
        "prebuild-install": "^7.0.1"
      }
    }
  }
}
